{
  "name": "project-3",
  "version": "1.0.0",
  "lockfileVersion": 3,
  "requires": true,
  "packages": {
    "": {
      "name": "project-3",
      "version": "1.0.0",
      "license": "ISC",
      "dependencies": {
        "impress": "^3.0.14"
      }
    },
    "node_modules/concolor": {
      "version": "1.1.0",
      "resolved": "https://registry.npmjs.org/concolor/-/concolor-1.1.0.tgz",
      "integrity": "sha512-+3Fv9sVckhuzfksFU3e0lONmWKiL+Z88/R01KpAIqW2gVsmL8Ojw/KhkVcyAEeQeVBZcbb9zoDFbVcfVj4Pg9A==",
      "engines": {
        "node": "18 || 20"
      },
      "funding": {
        "type": "patreon",
        "url": "https://www.patreon.com/tshemsedinov"
      }
    },
    "node_modules/impress": {
      "version": "3.0.14",
      "resolved": "https://registry.npmjs.org/impress/-/impress-3.0.14.tgz",
      "integrity": "sha512-JANkQKLuIIokYDTiV48R4HHSDUsMOdLcWi7QqBkAwYoPlPYYldFGc0qapFQUolu6Mmnda9d6JSWB6UpCbQl4Rw==",
      "dependencies": {
        "metacom": "^3.2.1",
        "metaconfiguration": "^3.0.0",
        "metalog": "^3.1.14",
        "metaschema": "^2.1.5",
        "metautil": "^5.2.1",
        "metavm": "^1.4.1",
        "metawatch": "^1.2.1"
      },
      "engines": {
        "node": "^18.15 || 20 || 21"
      },
      "funding": {
        "type": "patreon",
        "url": "https://www.patreon.com/tshemsedinov"
      }
    },
    "node_modules/metacom": {
      "version": "3.2.1",
      "resolved": "https://registry.npmjs.org/metacom/-/metacom-3.2.1.tgz",
      "integrity": "sha512-KjnVgQxH0LvpHYxfrRNiF6HAwPUSUKCKLmwwDAvb0Ssu3eqgHEv1AJaO4suImwgPf1QNHCB3CodjLo1Lou6lvQ==",
      "dependencies": {
        "metautil": "5.2.1",
        "ws": "^8.16.0"
      },
      "engines": {
        "node": "18 || 20 || 21"
      },
      "funding": {
        "type": "patreon",
        "url": "https://www.patreon.com/tshemsedinov"
      }
    },
    "node_modules/metaconfiguration": {
      "version": "3.0.0",
      "resolved": "https://registry.npmjs.org/metaconfiguration/-/metaconfiguration-3.0.0.tgz",
      "integrity": "sha512-SWiUjI6Bd+IREFkwQ8XIu4vwDo15z8bHiVOzAjoYL4STbjPwV19s5FZIqll/cdmtJ9f7TZuSZgu9zgNTgsevZw==",
      "dependencies": {
        "metavm": "^1.4.1"
      },
      "engines": {
        "node": "18 || 20 || 21"
      },
      "funding": {
        "type": "patreon",
        "url": "https://www.patreon.com/tshemsedinov"
      }
    },
    "node_modules/metalog": {
      "version": "3.1.14",
      "resolved": "https://registry.npmjs.org/metalog/-/metalog-3.1.14.tgz",
      "integrity": "sha512-lhC08NIa77JWXeOZxy06OwgacQr2nCX0Cy2TDoxFRjaAK3DHTNG9ubh17iWTsz1yvt1F7pTLlQ57ZCponOfKBQ==",
      "dependencies": {
        "concolor": "^1.1.0",
        "metautil": "^5.0.0"
      },
      "engines": {
        "node": "18 || 20 || 21"
      },
      "funding": {
        "type": "patreon",
        "url": "https://www.patreon.com/tshemsedinov"
      }
    },
    "node_modules/metaschema": {
      "version": "2.1.5",
      "resolved": "https://registry.npmjs.org/metaschema/-/metaschema-2.1.5.tgz",
      "integrity": "sha512-cnGegYOFCOKrdH2EbmeN/m65M0/N/M2qTWQKHFZQ/UC3S/TXoml3FN9aU4nmuJH3rV2KUID1LOZAgOTYPz98vg==",
      "dependencies": {
        "metautil": "^3.10.0",
        "metavm": "^1.2.5"
      },
      "engines": {
        "node": "16 || 18 || 19 || 20"
      },
      "funding": {
        "type": "patreon",
        "url": "https://www.patreon.com/tshemsedinov"
      }
    },
    "node_modules/metaschema/node_modules/metautil": {
      "version": "3.15.0",
      "resolved": "https://registry.npmjs.org/metautil/-/metautil-3.15.0.tgz",
      "integrity": "sha512-kGG920X8R10X6He2VKPRQFtG45DcDCSYgZehUFoqES52Tv88VALJm6EplZGwDRK7IiBDWsWDeS8d2OcW6bVXeg==",
      "engines": {
        "node": "18 || 20"
      },
      "funding": {
        "type": "patreon",
        "url": "https://www.patreon.com/tshemsedinov"
      }
    },
    "node_modules/metautil": {
      "version": "5.2.1",
      "resolved": "https://registry.npmjs.org/metautil/-/metautil-5.2.1.tgz",
      "integrity": "sha512-SHW8SupYKQLfc95UfzAELWx5uiVizgWqH039w10CSuTln/2l3nYcB8U+dHduirdRH9FLPsSzb2obNAndKnPByg==",
      "engines": {
        "node": "18 || 20 || 21"
      },
      "funding": {
        "type": "patreon",
        "url": "https://www.patreon.com/tshemsedinov"
      }
    },
    "node_modules/metavm": {
      "version": "1.4.1",
      "resolved": "https://registry.npmjs.org/metavm/-/metavm-1.4.1.tgz",
      "integrity": "sha512-LmJv6j8gjAQkEL5elIPa3Hlv1a4jY1IPOOyidDzTwmO1ZL+mCSJjHvmzMtbDyzZPi5CW929kmBRJttvBFI4B+w==",
      "engines": {
        "node": "18 || 20 || 21"
      },
      "funding": {
        "type": "patreon",
        "url": "https://www.patreon.com/tshemsedinov"
      }
    },
    "node_modules/metawatch": {
      "version": "1.2.1",
      "resolved": "https://registry.npmjs.org/metawatch/-/metawatch-1.2.1.tgz",
      "integrity": "sha512-jYkH6ksioc0oVMuy7bZMYfaxe1KzMSNFUBn3wCDXDHeXWO2GwQ0mk2gAto9o5jZj/5dPuh+6jFl7ks/yPO0wEQ==",
      "engines": {
        "node": "18 || 20 || 21"
      },
      "funding": {
        "type": "patreon",
        "url": "https://www.patreon.com/tshemsedinov"
      }
    },
    "node_modules/ws": {
      "version": "8.16.0",
      "resolved": "https://registry.npmjs.org/ws/-/ws-8.16.0.tgz",
      "integrity": "sha512-HS0c//TP7Ina87TfiPUz1rQzMhHrl/SG2guqRcTOIUYD2q8uhUdNHZYJUaQ8aTGPzCh+c6oawMKW35nFl1dxyQ==",
      "engines": {
        "node": ">=10.0.0"
      },
      "peerDependencies": {
        "bufferutil": "^4.0.1",
        "utf-8-validate": ">=5.0.2"
      },
      "peerDependenciesMeta": {
        "bufferutil": {
          "optional": true
        },
        "utf-8-validate": {
          "optional": true
        }
      }
    }
  }
}
